
Microsoft Visual Studio Solution File, Format Version 12.00
# Visual Studio 15
VisualStudioVersion = 15.0.26730.16
MinimumVisualStudioVersion = 10.0.40219.1
Project("{FAE04EC0-301F-11D3-BF4B-00C04F79EFBC}") = "toistorakenne jatkuu 6", "toistorakenne jatkuu 6\toistorakenne jatkuu 6.csproj", "{F6CFC8ED-B4B8-48DB-9B03-49C3BD36622E}"
EndProject
Global
	GlobalSection(SolutionConfigurationPlatforms) = preSolution
		Debug|Any CPU = Debug|Any CPU
		Release|Any CPU = Release|Any CPU
	EndGlobalSection
	GlobalSection(ProjectConfigurationPlatforms) = postSolution
		{F6CFC8ED-B4B8-48DB-9B03-49C3BD36622E}.Debug|Any CPU.ActiveCfg = Debug|Any CPU
		{F6CFC8ED-B4B8-48DB-9B03-49C3BD36622E}.Debug|Any CPU.Build.0 = Debug|Any CPU
		{F6CFC8ED-B4B8-48DB-9B03-49C3BD36622E}.Release|Any CPU.ActiveCfg = Release|Any CPU
		{F6CFC8ED-B4B8-48DB-9B03-49C3BD36622E}.Release|Any CPU.Build.0 = Release|Any CPU
	EndGlobalSection
	GlobalSection(SolutionProperties) = preSolution
		HideSolutionNode = FALSE
	EndGlobalSection
	GlobalSection(ExtensibilityGlobals) = postSolution
		SolutionGuid = {388EEE63-73B3-45EF-B1BF-8424BE9DAE81}
	EndGlobalSection
EndGlobal
