
Microsoft Visual Studio Solution File, Format Version 12.00
# Visual Studio 15
VisualStudioVersion = 15.0.26730.16
MinimumVisualStudioVersion = 10.0.40219.1
Project("{FAE04EC0-301F-11D3-BF4B-00C04F79EFBC}") = "funktiot ja aliohjelmat 4", "funktiot ja aliohjelmat 4\funktiot ja aliohjelmat 4.csproj", "{ADC5A1A4-99E4-4560-B661-41F4DE61B4DC}"
EndProject
Global
	GlobalSection(SolutionConfigurationPlatforms) = preSolution
		Debug|Any CPU = Debug|Any CPU
		Release|Any CPU = Release|Any CPU
	EndGlobalSection
	GlobalSection(ProjectConfigurationPlatforms) = postSolution
		{ADC5A1A4-99E4-4560-B661-41F4DE61B4DC}.Debug|Any CPU.ActiveCfg = Debug|Any CPU
		{ADC5A1A4-99E4-4560-B661-41F4DE61B4DC}.Debug|Any CPU.Build.0 = Debug|Any CPU
		{ADC5A1A4-99E4-4560-B661-41F4DE61B4DC}.Release|Any CPU.ActiveCfg = Release|Any CPU
		{ADC5A1A4-99E4-4560-B661-41F4DE61B4DC}.Release|Any CPU.Build.0 = Release|Any CPU
	EndGlobalSection
	GlobalSection(SolutionProperties) = preSolution
		HideSolutionNode = FALSE
	EndGlobalSection
	GlobalSection(ExtensibilityGlobals) = postSolution
		SolutionGuid = {3D4F4CDC-09B1-4E1B-B877-1CBE0F38683D}
	EndGlobalSection
EndGlobal
